
Microsoft Visual Studio Solution File, Format Version 12.00
# Visual Studio 15
VisualStudioVersion = 15.0.27130.2010
MinimumVisualStudioVersion = 10.0.40219.1
Project("{FAE04EC0-301F-11D3-BF4B-00C04F79EFBC}") = "ConsoleApp", "ConsoleApp\ConsoleApp.csproj", "{C8D2EFC1-4EB0-4406-BF10-3D829BD1EBD4}"
EndProject
Project("{FAE04EC0-301F-11D3-BF4B-00C04F79EFBC}") = "ConsoleApp.Spec", "ConsoleApp.Spec\ConsoleApp.Spec.csproj", "{7192E3F3-FDD9-453E-99FC-EFC0A8BCC94B}"
EndProject
Project("{FAE04EC0-301F-11D3-BF4B-00C04F79EFBC}") = "Entity.NeuralVortex", "Entity.NeuralVortex\Entity.NeuralVortex.csproj", "{AA5F9E0B-AE73-42E8-940A-0761345FFBFB}"
EndProject
Project("{FAE04EC0-301F-11D3-BF4B-00C04F79EFBC}") = "UseCase.NeuralVortex", "UseCase.NeuralVortex\UseCase.NeuralVortex.csproj", "{0D0A4EE6-C9F6-4A96-BF3A-029573ADEAB2}"
EndProject
Project("{FAE04EC0-301F-11D3-BF4B-00C04F79EFBC}") = "Adapter.OpenTK", "Adapter.OpenTK\Adapter.OpenTK.csproj", "{B0021304-5B4B-4051-8CB6-7058B5BF45F7}"
EndProject
Project("{FAE04EC0-301F-11D3-BF4B-00C04F79EFBC}") = "Entity.NeuralVortex.Spec", "Entity.NeuralVortex.Spec\Entity.NeuralVortex.Spec.csproj", "{927F0E85-E82A-42BA-94E7-3A7864F4E225}"
EndProject
Project("{FAE04EC0-301F-11D3-BF4B-00C04F79EFBC}") = "UseCase.NeuralVortex.Spec", "UseCase.NeuralVortex.Spec\UseCase.NeuralVortex.Spec.csproj", "{3E6E12F4-BD93-4394-9125-544E328014FE}"
EndProject
Project("{FAE04EC0-301F-11D3-BF4B-00C04F79EFBC}") = "Adapter.OpenTK.Spec", "Adapter.OpenTK.Spec\Adapter.OpenTK.Spec.csproj", "{E512FCE7-F9AE-4EC7-9EB6-D07A566FD99F}"
EndProject
Project("{FAE04EC0-301F-11D3-BF4B-00C04F79EFBC}") = "Adapter.Spelvärld", "Adapter.Spelvärld\Adapter.Spelvärld.csproj", "{95C9406E-8920-47C6-855F-D88EB8BA7D28}"
EndProject
Global
	GlobalSection(SolutionConfigurationPlatforms) = preSolution
		Debug|Any CPU = Debug|Any CPU
		Release|Any CPU = Release|Any CPU
	EndGlobalSection
	GlobalSection(ProjectConfigurationPlatforms) = postSolution
		{C8D2EFC1-4EB0-4406-BF10-3D829BD1EBD4}.Debug|Any CPU.ActiveCfg = Debug|Any CPU
		{C8D2EFC1-4EB0-4406-BF10-3D829BD1EBD4}.Debug|Any CPU.Build.0 = Debug|Any CPU
		{C8D2EFC1-4EB0-4406-BF10-3D829BD1EBD4}.Release|Any CPU.ActiveCfg = Release|Any CPU
		{C8D2EFC1-4EB0-4406-BF10-3D829BD1EBD4}.Release|Any CPU.Build.0 = Release|Any CPU
		{7192E3F3-FDD9-453E-99FC-EFC0A8BCC94B}.Debug|Any CPU.ActiveCfg = Debug|Any CPU
		{7192E3F3-FDD9-453E-99FC-EFC0A8BCC94B}.Debug|Any CPU.Build.0 = Debug|Any CPU
		{7192E3F3-FDD9-453E-99FC-EFC0A8BCC94B}.Release|Any CPU.ActiveCfg = Release|Any CPU
		{7192E3F3-FDD9-453E-99FC-EFC0A8BCC94B}.Release|Any CPU.Build.0 = Release|Any CPU
		{AA5F9E0B-AE73-42E8-940A-0761345FFBFB}.Debug|Any CPU.ActiveCfg = Debug|Any CPU
		{AA5F9E0B-AE73-42E8-940A-0761345FFBFB}.Debug|Any CPU.Build.0 = Debug|Any CPU
		{AA5F9E0B-AE73-42E8-940A-0761345FFBFB}.Release|Any CPU.ActiveCfg = Release|Any CPU
		{AA5F9E0B-AE73-42E8-940A-0761345FFBFB}.Release|Any CPU.Build.0 = Release|Any CPU
		{0D0A4EE6-C9F6-4A96-BF3A-029573ADEAB2}.Debug|Any CPU.ActiveCfg = Debug|Any CPU
		{0D0A4EE6-C9F6-4A96-BF3A-029573ADEAB2}.Debug|Any CPU.Build.0 = Debug|Any CPU
		{0D0A4EE6-C9F6-4A96-BF3A-029573ADEAB2}.Release|Any CPU.ActiveCfg = Release|Any CPU
		{0D0A4EE6-C9F6-4A96-BF3A-029573ADEAB2}.Release|Any CPU.Build.0 = Release|Any CPU
		{B0021304-5B4B-4051-8CB6-7058B5BF45F7}.Debug|Any CPU.ActiveCfg = Debug|Any CPU
		{B0021304-5B4B-4051-8CB6-7058B5BF45F7}.Debug|Any CPU.Build.0 = Debug|Any CPU
		{B0021304-5B4B-4051-8CB6-7058B5BF45F7}.Release|Any CPU.ActiveCfg = Release|Any CPU
		{B0021304-5B4B-4051-8CB6-7058B5BF45F7}.Release|Any CPU.Build.0 = Release|Any CPU
		{927F0E85-E82A-42BA-94E7-3A7864F4E225}.Debug|Any CPU.ActiveCfg = Debug|Any CPU
		{927F0E85-E82A-42BA-94E7-3A7864F4E225}.Debug|Any CPU.Build.0 = Debug|Any CPU
		{927F0E85-E82A-42BA-94E7-3A7864F4E225}.Release|Any CPU.ActiveCfg = Release|Any CPU
		{927F0E85-E82A-42BA-94E7-3A7864F4E225}.Release|Any CPU.Build.0 = Release|Any CPU
		{3E6E12F4-BD93-4394-9125-544E328014FE}.Debug|Any CPU.ActiveCfg = Debug|Any CPU
		{3E6E12F4-BD93-4394-9125-544E328014FE}.Debug|Any CPU.Build.0 = Debug|Any CPU
		{3E6E12F4-BD93-4394-9125-544E328014FE}.Release|Any CPU.ActiveCfg = Release|Any CPU
		{3E6E12F4-BD93-4394-9125-544E328014FE}.Release|Any CPU.Build.0 = Release|Any CPU
		{E512FCE7-F9AE-4EC7-9EB6-D07A566FD99F}.Debug|Any CPU.ActiveCfg = Debug|Any CPU
		{E512FCE7-F9AE-4EC7-9EB6-D07A566FD99F}.Debug|Any CPU.Build.0 = Debug|Any CPU
		{E512FCE7-F9AE-4EC7-9EB6-D07A566FD99F}.Release|Any CPU.ActiveCfg = Release|Any CPU
		{E512FCE7-F9AE-4EC7-9EB6-D07A566FD99F}.Release|Any CPU.Build.0 = Release|Any CPU
		{95C9406E-8920-47C6-855F-D88EB8BA7D28}.Debug|Any CPU.ActiveCfg = Debug|Any CPU
		{95C9406E-8920-47C6-855F-D88EB8BA7D28}.Debug|Any CPU.Build.0 = Debug|Any CPU
		{95C9406E-8920-47C6-855F-D88EB8BA7D28}.Release|Any CPU.ActiveCfg = Release|Any CPU
		{95C9406E-8920-47C6-855F-D88EB8BA7D28}.Release|Any CPU.Build.0 = Release|Any CPU
	EndGlobalSection
	GlobalSection(SolutionProperties) = preSolution
		HideSolutionNode = FALSE
	EndGlobalSection
	GlobalSection(ExtensibilityGlobals) = postSolution
		SolutionGuid = {B869ACAB-4F2B-4F18-82C5-4237EE5BE049}
	EndGlobalSection
EndGlobal
