
Microsoft Visual Studio Solution File, Format Version 12.00
# Visual Studio 15
VisualStudioVersion = 15.0.27004.2008
MinimumVisualStudioVersion = 10.0.40219.1
Project("{FAE04EC0-301F-11D3-BF4B-00C04F79EFBC}") = "NeuralVortex", "NeuralVortex\NeuralVortex.csproj", "{F2ED4EFA-1A33-47BB-A519-8EA9FD2519B6}"
EndProject
Project("{FAE04EC0-301F-11D3-BF4B-00C04F79EFBC}") = "NeuralVortex.Spec", "NeuralVortex.Spec\NeuralVortex.Spec.csproj", "{02C0CD3F-E603-410D-9509-C11FBEB7BF99}"
EndProject
Project("{FAE04EC0-301F-11D3-BF4B-00C04F79EFBC}") = "Adapter", "Adapter\Adapter.csproj", "{B16D44B8-7A88-42B1-94A0-14F6C391664A}"
EndProject
Project("{FAE04EC0-301F-11D3-BF4B-00C04F79EFBC}") = "Entity", "Entity\Entity.csproj", "{83CE50BC-F5EF-4B62-85F1-7D628BA31E24}"
EndProject
Project("{FAE04EC0-301F-11D3-BF4B-00C04F79EFBC}") = "ConsoleApp", "ConsoleApp\ConsoleApp.csproj", "{C8D2EFC1-4EB0-4406-BF10-3D829BD1EBD4}"
EndProject
Project("{FAE04EC0-301F-11D3-BF4B-00C04F79EFBC}") = "Entity.Spec", "Entity.Spec\Entity.Spec.csproj", "{FC9C5361-BE86-4BEF-BC25-3DE9D1BE3305}"
EndProject
Project("{FAE04EC0-301F-11D3-BF4B-00C04F79EFBC}") = "Adapter.Spec", "Adapter.Spec\Adapter.Spec.csproj", "{958BF08E-73EE-4AD1-A167-0C57C9DBE4F2}"
EndProject
Project("{FAE04EC0-301F-11D3-BF4B-00C04F79EFBC}") = "ConsoleApp.Spec", "ConsoleApp.Spec\ConsoleApp.Spec.csproj", "{7192E3F3-FDD9-453E-99FC-EFC0A8BCC94B}"
EndProject
Global
	GlobalSection(SolutionConfigurationPlatforms) = preSolution
		Debug|Any CPU = Debug|Any CPU
		Release|Any CPU = Release|Any CPU
	EndGlobalSection
	GlobalSection(ProjectConfigurationPlatforms) = postSolution
		{F2ED4EFA-1A33-47BB-A519-8EA9FD2519B6}.Debug|Any CPU.ActiveCfg = Debug|Any CPU
		{F2ED4EFA-1A33-47BB-A519-8EA9FD2519B6}.Debug|Any CPU.Build.0 = Debug|Any CPU
		{F2ED4EFA-1A33-47BB-A519-8EA9FD2519B6}.Release|Any CPU.ActiveCfg = Release|Any CPU
		{F2ED4EFA-1A33-47BB-A519-8EA9FD2519B6}.Release|Any CPU.Build.0 = Release|Any CPU
		{02C0CD3F-E603-410D-9509-C11FBEB7BF99}.Debug|Any CPU.ActiveCfg = Debug|Any CPU
		{02C0CD3F-E603-410D-9509-C11FBEB7BF99}.Debug|Any CPU.Build.0 = Debug|Any CPU
		{02C0CD3F-E603-410D-9509-C11FBEB7BF99}.Release|Any CPU.ActiveCfg = Release|Any CPU
		{02C0CD3F-E603-410D-9509-C11FBEB7BF99}.Release|Any CPU.Build.0 = Release|Any CPU
		{B16D44B8-7A88-42B1-94A0-14F6C391664A}.Debug|Any CPU.ActiveCfg = Debug|Any CPU
		{B16D44B8-7A88-42B1-94A0-14F6C391664A}.Debug|Any CPU.Build.0 = Debug|Any CPU
		{B16D44B8-7A88-42B1-94A0-14F6C391664A}.Release|Any CPU.ActiveCfg = Release|Any CPU
		{B16D44B8-7A88-42B1-94A0-14F6C391664A}.Release|Any CPU.Build.0 = Release|Any CPU
		{83CE50BC-F5EF-4B62-85F1-7D628BA31E24}.Debug|Any CPU.ActiveCfg = Debug|Any CPU
		{83CE50BC-F5EF-4B62-85F1-7D628BA31E24}.Debug|Any CPU.Build.0 = Debug|Any CPU
		{83CE50BC-F5EF-4B62-85F1-7D628BA31E24}.Release|Any CPU.ActiveCfg = Release|Any CPU
		{83CE50BC-F5EF-4B62-85F1-7D628BA31E24}.Release|Any CPU.Build.0 = Release|Any CPU
		{C8D2EFC1-4EB0-4406-BF10-3D829BD1EBD4}.Debug|Any CPU.ActiveCfg = Debug|Any CPU
		{C8D2EFC1-4EB0-4406-BF10-3D829BD1EBD4}.Debug|Any CPU.Build.0 = Debug|Any CPU
		{C8D2EFC1-4EB0-4406-BF10-3D829BD1EBD4}.Release|Any CPU.ActiveCfg = Release|Any CPU
		{C8D2EFC1-4EB0-4406-BF10-3D829BD1EBD4}.Release|Any CPU.Build.0 = Release|Any CPU
		{FC9C5361-BE86-4BEF-BC25-3DE9D1BE3305}.Debug|Any CPU.ActiveCfg = Debug|Any CPU
		{FC9C5361-BE86-4BEF-BC25-3DE9D1BE3305}.Debug|Any CPU.Build.0 = Debug|Any CPU
		{FC9C5361-BE86-4BEF-BC25-3DE9D1BE3305}.Release|Any CPU.ActiveCfg = Release|Any CPU
		{FC9C5361-BE86-4BEF-BC25-3DE9D1BE3305}.Release|Any CPU.Build.0 = Release|Any CPU
		{958BF08E-73EE-4AD1-A167-0C57C9DBE4F2}.Debug|Any CPU.ActiveCfg = Debug|Any CPU
		{958BF08E-73EE-4AD1-A167-0C57C9DBE4F2}.Debug|Any CPU.Build.0 = Debug|Any CPU
		{958BF08E-73EE-4AD1-A167-0C57C9DBE4F2}.Release|Any CPU.ActiveCfg = Release|Any CPU
		{958BF08E-73EE-4AD1-A167-0C57C9DBE4F2}.Release|Any CPU.Build.0 = Release|Any CPU
		{7192E3F3-FDD9-453E-99FC-EFC0A8BCC94B}.Debug|Any CPU.ActiveCfg = Debug|Any CPU
		{7192E3F3-FDD9-453E-99FC-EFC0A8BCC94B}.Debug|Any CPU.Build.0 = Debug|Any CPU
		{7192E3F3-FDD9-453E-99FC-EFC0A8BCC94B}.Release|Any CPU.ActiveCfg = Release|Any CPU
		{7192E3F3-FDD9-453E-99FC-EFC0A8BCC94B}.Release|Any CPU.Build.0 = Release|Any CPU
	EndGlobalSection
	GlobalSection(SolutionProperties) = preSolution
		HideSolutionNode = FALSE
	EndGlobalSection
	GlobalSection(ExtensibilityGlobals) = postSolution
		SolutionGuid = {B869ACAB-4F2B-4F18-82C5-4237EE5BE049}
	EndGlobalSection
EndGlobal
